
Microsoft Visual Studio Solution File, Format Version 12.00
# Visual Studio Version 17
VisualStudioVersion = 17.0.31606.5
MinimumVisualStudioVersion = 10.0.40219.1
Project("{FAE04EC0-301F-11D3-BF4B-00C04F79EFBC}") = "huaanClient", "huaanClient\huaanClient.csproj", "{3FDFA30E-CF56-4A71-A1F8-0B510DFAB4B4}"
EndProject
Project("{FAE04EC0-301F-11D3-BF4B-00C04F79EFBC}") = "WinFormUI", "WinFormUI\WinFormUI.csproj", "{E11AFE65-4CA5-40B3-9D68-BC29C49FA37D}"
EndProject
Project("{FAE04EC0-301F-11D3-BF4B-00C04F79EFBC}") = "BrowserLib", "InsuranceBrowserLib\BrowserLib.csproj", "{D5CB13A8-DC19-4973-A0C8-0E7D824B623E}"
EndProject
Project("{FAE04EC0-301F-11D3-BF4B-00C04F79EFBC}") = "MultiPlayer", "MultiPlayer\MultiPlayer.csproj", "{6566A5AB-BDBA-44EF-AE5C-87E4A000A6CA}"
EndProject
Project("{FAE04EC0-301F-11D3-BF4B-00C04F79EFBC}") = "Dashboard", "Dashboard\Dashboard.csproj", "{9FE5B056-A3E5-455B-BF6D-D085D0C60DBE}"
EndProject
Global
	GlobalSection(SolutionConfigurationPlatforms) = preSolution
		Debug|x86 = Debug|x86
		Release|x86 = Release|x86
	EndGlobalSection
	GlobalSection(ProjectConfigurationPlatforms) = postSolution
		{3FDFA30E-CF56-4A71-A1F8-0B510DFAB4B4}.Debug|x86.ActiveCfg = Debug|x86
		{3FDFA30E-CF56-4A71-A1F8-0B510DFAB4B4}.Debug|x86.Build.0 = Debug|x86
		{3FDFA30E-CF56-4A71-A1F8-0B510DFAB4B4}.Release|x86.ActiveCfg = Release|x86
		{3FDFA30E-CF56-4A71-A1F8-0B510DFAB4B4}.Release|x86.Build.0 = Release|x86
		{E11AFE65-4CA5-40B3-9D68-BC29C49FA37D}.Debug|x86.ActiveCfg = Debug|Any CPU
		{E11AFE65-4CA5-40B3-9D68-BC29C49FA37D}.Debug|x86.Build.0 = Debug|Any CPU
		{E11AFE65-4CA5-40B3-9D68-BC29C49FA37D}.Release|x86.ActiveCfg = Release|Any CPU
		{E11AFE65-4CA5-40B3-9D68-BC29C49FA37D}.Release|x86.Build.0 = Release|Any CPU
		{D5CB13A8-DC19-4973-A0C8-0E7D824B623E}.Debug|x86.ActiveCfg = Debug|Any CPU
		{D5CB13A8-DC19-4973-A0C8-0E7D824B623E}.Debug|x86.Build.0 = Debug|Any CPU
		{D5CB13A8-DC19-4973-A0C8-0E7D824B623E}.Release|x86.ActiveCfg = Release|Any CPU
		{D5CB13A8-DC19-4973-A0C8-0E7D824B623E}.Release|x86.Build.0 = Release|Any CPU
		{6566A5AB-BDBA-44EF-AE5C-87E4A000A6CA}.Debug|x86.ActiveCfg = Debug|Any CPU
		{6566A5AB-BDBA-44EF-AE5C-87E4A000A6CA}.Debug|x86.Build.0 = Debug|Any CPU
		{6566A5AB-BDBA-44EF-AE5C-87E4A000A6CA}.Release|x86.ActiveCfg = Release|Any CPU
		{6566A5AB-BDBA-44EF-AE5C-87E4A000A6CA}.Release|x86.Build.0 = Release|Any CPU
		{9FE5B056-A3E5-455B-BF6D-D085D0C60DBE}.Debug|x86.ActiveCfg = Debug|x86
		{9FE5B056-A3E5-455B-BF6D-D085D0C60DBE}.Debug|x86.Build.0 = Debug|x86
		{9FE5B056-A3E5-455B-BF6D-D085D0C60DBE}.Release|x86.ActiveCfg = Release|x86
	EndGlobalSection
	GlobalSection(SolutionProperties) = preSolution
		HideSolutionNode = FALSE
	EndGlobalSection
	GlobalSection(ExtensibilityGlobals) = postSolution
		SolutionGuid = {8441F501-240D-4B71-AE29-2B28BB6DF1F9}
	EndGlobalSection
EndGlobal
